
Microsoft Visual Studio Solution File, Format Version 12.00
# Visual Studio 15
VisualStudioVersion = 15.0.26403.7
MinimumVisualStudioVersion = 10.0.40219.1
Project("{FAE04EC0-301F-11D3-BF4B-00C04F79EFBC}") = "WagahighChoices", "WagahighChoices\WagahighChoices.csproj", "{EA44236F-6CE1-4809-8963-3CE5260584C4}"
EndProject
Project("{2150E333-8FDC-42A3-9474-1A3956D46DE8}") = "Solution Items", "Solution Items", "{BF334C19-4F3E-4000-8C95-6EC53C0F48E8}"
	ProjectSection(SolutionItems) = preProject
		.editorconfig = .editorconfig
	EndProjectSection
EndProject
Project("{FAE04EC0-301F-11D3-BF4B-00C04F79EFBC}") = "WagahighChoices.Common", "WagahighChoices.Common\WagahighChoices.Common.csproj", "{780EC488-69AF-4DBC-B8B2-CD9A3A5E0741}"
EndProject
Global
	GlobalSection(SolutionConfigurationPlatforms) = preSolution
		Debug|Any CPU = Debug|Any CPU
		Release|Any CPU = Release|Any CPU
	EndGlobalSection
	GlobalSection(ProjectConfigurationPlatforms) = postSolution
		{EA44236F-6CE1-4809-8963-3CE5260584C4}.Debug|Any CPU.ActiveCfg = Debug|Any CPU
		{EA44236F-6CE1-4809-8963-3CE5260584C4}.Debug|Any CPU.Build.0 = Debug|Any CPU
		{EA44236F-6CE1-4809-8963-3CE5260584C4}.Release|Any CPU.ActiveCfg = Release|Any CPU
		{EA44236F-6CE1-4809-8963-3CE5260584C4}.Release|Any CPU.Build.0 = Release|Any CPU
		{780EC488-69AF-4DBC-B8B2-CD9A3A5E0741}.Debug|Any CPU.ActiveCfg = Debug|Any CPU
		{780EC488-69AF-4DBC-B8B2-CD9A3A5E0741}.Debug|Any CPU.Build.0 = Debug|Any CPU
		{780EC488-69AF-4DBC-B8B2-CD9A3A5E0741}.Release|Any CPU.ActiveCfg = Release|Any CPU
		{780EC488-69AF-4DBC-B8B2-CD9A3A5E0741}.Release|Any CPU.Build.0 = Release|Any CPU
	EndGlobalSection
	GlobalSection(SolutionProperties) = preSolution
		HideSolutionNode = FALSE
	EndGlobalSection
EndGlobal
